{
  "name": "@unisnips/ultisnips",
  "version": "0.7.1",
  "lockfileVersion": 1,
  "requires": true,
  "dependencies": {
    "@bestminr/control-flow": {
      "version": "0.1.0",
      "resolved": "https://registry.npm.taobao.org/@bestminr/control-flow/download/@bestminr/control-flow-0.1.0.tgz",
      "integrity": "sha1-7t9r9Cti7CVwHY1f0EQ5rPWXQcU="
    },
    "@types/lodash": {
      "version": "4.14.149",
      "resolved": "https://registry.npm.taobao.org/@types/lodash/download/@types/lodash-4.14.149.tgz",
      "integrity": "sha1-E0LWPZSMYGKDj7+WEBL3TU5jhEA="
    },
    "@types/lodash.omit": {
      "version": "4.5.6",
      "resolved": "https://registry.npm.taobao.org/@types/lodash.omit/download/@types/lodash.omit-4.5.6.tgz",
      "integrity": "sha1-8qlRglnkgaSP9+xCNCD6j9WJM+I=",
      "requires": {
        "@types/lodash": "*"
      }
    },
    "@types/unist": {
      "version": "2.0.3",
      "resolved": "https://registry.npm.taobao.org/@types/unist/download/@types/unist-2.0.3.tgz",
      "integrity": "sha1-nAiGeYdvN061mD8VDUeHqm+zLX4="
    },
    "@unisnips/core": {
      "version": "0.7.0",
      "resolved": "https://registry.npm.taobao.org/@unisnips/core/download/@unisnips/core-0.7.0.tgz",
      "integrity": "sha1-cg8TwaUpeX5LtOprozAolv8a6qI=",
      "requires": {
        "@types/unist": "^2.0.3"
      }
    },
    "lodash.omit": {
      "version": "4.5.0",
      "resolved": "http://registry.npm.taobao.org/lodash.omit/download/lodash.omit-4.5.0.tgz",
      "integrity": "sha1-brGa5aHuHdnfC5aeZs4Lf6MLXmA="
    },
    "outdent": {
      "version": "0.7.0",
      "resolved": "https://registry.npm.taobao.org/outdent/download/outdent-0.7.0.tgz",
      "integrity": "sha1-z9HxlWMFFB4M8+iYraZUc3PBmXo=",
      "dev": true
    },
    "typescript": {
      "version": "3.7.5",
      "resolved": "https://registry.npm.taobao.org/typescript/download/typescript-3.7.5.tgz",
      "integrity": "sha1-BpLiH2X9QQi5MwI4qsEd0uF3oa4=",
      "dev": true
    }
  }
}
